<?xml version="1.0" encoding="utf-8"?>
<Project ToolsVersion="4.0" xmlns="http://schemas.microsoft.com/developer/msbuild/2003">
  <ItemGroup>
    <Filter Include="OpenGLESApp2.iOS">
      <UniqueIdentifier>{3dea3484-5927-4bed-87ac-b0686ea962f9}</UniqueIdentifier>
    </Filter>
    <Filter Include="OpenGLESApp2.iOS\Images.xcassets">
      <UniqueIdentifier>{3246fa2c-a959-454a-84f9-d173a5cc6fa1}</UniqueIdentifier>
      <Extensions>OpenGLESApp2.iOS\Images.xcassets\*</Extensions>
    </Filter>
    <Filter Include="OpenGLESApp2.iOS\Images.xcassets\AppIcon.appiconset">
      <UniqueIdentifier>{f49520c2-47ae-4df2-b038-0d475c5ee397}</UniqueIdentifier>
      <Extensions>OpenGLESApp2.iOS\Images.xcassets\AppIcon.appiconset\*</Extensions>
    </Filter>
    <Filter Include="OpenGLESApp2.iOS\Supporting Files">
      <UniqueIdentifier>{55ada5e6-4c20-4827-baef-ef6fcce5dd83}</UniqueIdentifier>
    </Filter>
  </ItemGroup>
  <ItemGroup>
    <ClCompile Include="OpenGLESApp2.iOS\AppDelegate.m">
      <Filter>OpenGLESApp2.iOS</Filter>
    </ClCompile>
    <ClCompile Include="OpenGLESApp2.iOS\GameViewController.m">
      <Filter>OpenGLESApp2.iOS</Filter>
    </ClCompile>
    <ClCompile Include="OpenGLESApp2.iOS\main.m">
      <Filter>OpenGLESApp2.iOS\Supporting Files</Filter>
    </ClCompile>
    <ClInclude Include="OpenGLESApp2.iOS\AppDelegate.h">
      <Filter>OpenGLESApp2.iOS</Filter>
    </ClInclude>
    <ClInclude Include="OpenGLESApp2.iOS\GameViewController.h">
      <Filter>OpenGLESApp2.iOS</Filter>
    </ClInclude>
    <Content Include="OpenGLESApp2.iOS\Base.lproj\Main.storyboard">
      <Filter>OpenGLESApp2.iOS</Filter>
    </Content>
    <Content Include="OpenGLESApp2.iOS\Images.xcassets\AppIcon.appiconset\Contents.json">
      <Filter>OpenGLESApp2.iOS\Images.xcassets\AppIcon.appiconset</Filter>
    </Content>
    <InfoPlist Include="OpenGLESApp2.iOS\Info.plist">
      <Filter>OpenGLESApp2.iOS\Supporting Files</Filter>
    </InfoPlist>
  </ItemGroup>
</Project>