<?xml version="1.0" encoding="utf-8"?>
<Project ToolsVersion="4.0" xmlns="http://schemas.microsoft.com/developer/msbuild/2003">
  <ItemGroup>
    <Filter Include="OpenGLESApp2.iOS">
      <UniqueIdentifier>{d6fa54c8-700d-49c3-a246-713f16817c82}</UniqueIdentifier>
    </Filter>
    <Filter Include="OpenGLESApp2.iOS\Images.xcassets">
      <UniqueIdentifier>{a6b6f095-4bf4-4346-adb9-a4976ccf7250}</UniqueIdentifier>
      <Extensions>OpenGLESApp2.iOS\Images.xcassets\*</Extensions>
    </Filter>
    <Filter Include="OpenGLESApp2.iOS\Images.xcassets\AppIcon.appiconset">
      <UniqueIdentifier>{971afcb0-523d-420e-8018-4b7f38a16296}</UniqueIdentifier>
      <Extensions>OpenGLESApp2.iOS\Images.xcassets\AppIcon.appiconset\*</Extensions>
    </Filter>
    <Filter Include="OpenGLESApp2.iOS\Supporting Files">
      <UniqueIdentifier>{a6cd7397-803c-42dc-8922-c16d8099e708}</UniqueIdentifier>
    </Filter>
  </ItemGroup>
  <ItemGroup>
    <ClCompile Include="OpenGLESApp2.iOS\AppDelegate.m">
      <Filter>OpenGLESApp2.iOS</Filter>
    </ClCompile>
    <ClCompile Include="OpenGLESApp2.iOS\GameViewController.m">
      <Filter>OpenGLESApp2.iOS</Filter>
    </ClCompile>
    <ClCompile Include="OpenGLESApp2.iOS\main.m">
      <Filter>OpenGLESApp2.iOS\Supporting Files</Filter>
    </ClCompile>
    <ClInclude Include="OpenGLESApp2.iOS\AppDelegate.h">
      <Filter>OpenGLESApp2.iOS</Filter>
    </ClInclude>
    <ClInclude Include="OpenGLESApp2.iOS\GameViewController.h">
      <Filter>OpenGLESApp2.iOS</Filter>
    </ClInclude>
    <Content Include="OpenGLESApp2.iOS\Base.lproj\Main.storyboard">
      <Filter>OpenGLESApp2.iOS</Filter>
    </Content>
    <Content Include="OpenGLESApp2.iOS\Images.xcassets\AppIcon.appiconset\Contents.json">
      <Filter>OpenGLESApp2.iOS\Images.xcassets\AppIcon.appiconset</Filter>
    </Content>
    <InfoPlist Include="OpenGLESApp2.iOS\Info.plist">
      <Filter>OpenGLESApp2.iOS\Supporting Files</Filter>
    </InfoPlist>
  </ItemGroup>
</Project>