
Microsoft Visual Studio Solution File, Format Version 12.00
# Visual Studio 15
VisualStudioVersion = 15.0.28010.2041
MinimumVisualStudioVersion = 10.0.40219.1
Project("{2150E333-8FDC-42A3-9474-1A3956D46DE8}") = "OpenGL ES 2D", "OpenGL ES 2D", "{9B583824-099A-45A3-930F-04CD5F524FB6}"
EndProject
Project("{39E2626F-3545-4960-A6E8-258AD8476CE5}") = "OpenGL ES 2D.Android.Packaging", "OpenGLESApp2\OpenGLESApp2.Android.Packaging\OpenGL ES 2D.Android.Packaging.androidproj", "{AB002BBD-159B-4F40-98A7-DACE7FF96CC0}"
EndProject
Project("{8BC9CEB8-8B4A-11D0-8D11-00A0C91BC942}") = "OpenGLESApp2.iOS.Application", "OpenGLESApp2\OpenGLESApp2.iOS.Application\OpenGLESApp2.iOS.Application.xcodeproj\project.pbxproj", "{41F543DC-B5A6-4ECA-B65C-09C97B1340BA}"
EndProject
Project("{2150E333-8FDC-42A3-9474-1A3956D46DE8}") = "Libraries", "Libraries", "{CBFB0E2F-FB11-4A11-B3F8-59D5428236C8}"
EndProject
Project("{8BC9CEB8-8B4A-11D0-8D11-00A0C91BC942}") = "OpenGL ES 2D.Shared", "OpenGLESApp2\OpenGLESApp2.Shared\OpenGLESApp2.Shared.vcxitems", "{A9445573-8F38-4DD8-B806-7696F41DF59A}"
EndProject
Project("{8BC9CEB8-8B4A-11D0-8D11-00A0C91BC942}") = "OpenGL ES 2D.Android.NativeActivity", "OpenGLESApp2\OpenGLESApp2.Android.NativeActivity\OpenGLESApp2.Android.NativeActivity.vcxproj", "{30D37933-77CE-4AE4-8B72-995FDCD1F0E7}"
EndProject
Project("{8BC9CEB8-8B4A-11D0-8D11-00A0C91BC942}") = "OpenGL ES 2D.iOS.StaticLibrary", "OpenGLESApp2\OpenGLESApp2.iOS.StaticLibrary\OpenGLESApp2.iOS.StaticLibrary.vcxproj", "{37683B35-EF09-4E5F-8C86-56BDA6BAA822}"
EndProject
Global
	GlobalSection(SharedMSBuildProjectFiles) = preSolution
		OpenGLESApp2\OpenGLESApp2.Shared\OpenGLESApp2.Shared.vcxitems*{30d37933-77ce-4ae4-8b72-995fdcd1f0e7}*SharedItemsImports = 4
		OpenGLESApp2\OpenGLESApp2.Shared\OpenGLESApp2.Shared.vcxitems*{37683b35-ef09-4e5f-8c86-56bda6baa822}*SharedItemsImports = 4
		OpenGLESApp2\OpenGLESApp2.Shared\OpenGLESApp2.Shared.vcxitems*{a9445573-8f38-4dd8-b806-7696f41df59a}*SharedItemsImports = 9
	EndGlobalSection
	GlobalSection(SolutionConfigurationPlatforms) = preSolution
		Debug|ARM = Debug|ARM
		Debug|ARM64 = Debug|ARM64
		Debug|x64 = Debug|x64
		Debug|x86 = Debug|x86
		Release|ARM = Release|ARM
		Release|ARM64 = Release|ARM64
		Release|x64 = Release|x64
		Release|x86 = Release|x86
	EndGlobalSection
	GlobalSection(ProjectConfigurationPlatforms) = postSolution
		{AB002BBD-159B-4F40-98A7-DACE7FF96CC0}.Debug|ARM.ActiveCfg = Debug|ARM
		{AB002BBD-159B-4F40-98A7-DACE7FF96CC0}.Debug|ARM.Build.0 = Debug|ARM
		{AB002BBD-159B-4F40-98A7-DACE7FF96CC0}.Debug|ARM.Deploy.0 = Debug|ARM
		{AB002BBD-159B-4F40-98A7-DACE7FF96CC0}.Debug|ARM64.ActiveCfg = Debug|ARM64
		{AB002BBD-159B-4F40-98A7-DACE7FF96CC0}.Debug|ARM64.Build.0 = Debug|ARM64
		{AB002BBD-159B-4F40-98A7-DACE7FF96CC0}.Debug|ARM64.Deploy.0 = Debug|ARM64
		{AB002BBD-159B-4F40-98A7-DACE7FF96CC0}.Debug|x64.ActiveCfg = Debug|x64
		{AB002BBD-159B-4F40-98A7-DACE7FF96CC0}.Debug|x64.Build.0 = Debug|x64
		{AB002BBD-159B-4F40-98A7-DACE7FF96CC0}.Debug|x64.Deploy.0 = Debug|x64
		{AB002BBD-159B-4F40-98A7-DACE7FF96CC0}.Debug|x86.ActiveCfg = Debug|x86
		{AB002BBD-159B-4F40-98A7-DACE7FF96CC0}.Debug|x86.Build.0 = Debug|x86
		{AB002BBD-159B-4F40-98A7-DACE7FF96CC0}.Debug|x86.Deploy.0 = Debug|x86
		{AB002BBD-159B-4F40-98A7-DACE7FF96CC0}.Release|ARM.ActiveCfg = Release|ARM
		{AB002BBD-159B-4F40-98A7-DACE7FF96CC0}.Release|ARM.Build.0 = Release|ARM
		{AB002BBD-159B-4F40-98A7-DACE7FF96CC0}.Release|ARM.Deploy.0 = Release|ARM
		{AB002BBD-159B-4F40-98A7-DACE7FF96CC0}.Release|ARM64.ActiveCfg = Release|ARM64
		{AB002BBD-159B-4F40-98A7-DACE7FF96CC0}.Release|ARM64.Build.0 = Release|ARM64
		{AB002BBD-159B-4F40-98A7-DACE7FF96CC0}.Release|ARM64.Deploy.0 = Release|ARM64
		{AB002BBD-159B-4F40-98A7-DACE7FF96CC0}.Release|x64.ActiveCfg = Release|x64
		{AB002BBD-159B-4F40-98A7-DACE7FF96CC0}.Release|x64.Build.0 = Release|x64
		{AB002BBD-159B-4F40-98A7-DACE7FF96CC0}.Release|x64.Deploy.0 = Release|x64
		{AB002BBD-159B-4F40-98A7-DACE7FF96CC0}.Release|x86.ActiveCfg = Release|x86
		{AB002BBD-159B-4F40-98A7-DACE7FF96CC0}.Release|x86.Build.0 = Release|x86
		{AB002BBD-159B-4F40-98A7-DACE7FF96CC0}.Release|x86.Deploy.0 = Release|x86
		{41F543DC-B5A6-4ECA-B65C-09C97B1340BA}.Debug|ARM.ActiveCfg = Debug|ARM
		{41F543DC-B5A6-4ECA-B65C-09C97B1340BA}.Debug|ARM.Build.0 = Debug|ARM
		{41F543DC-B5A6-4ECA-B65C-09C97B1340BA}.Debug|ARM.Deploy.0 = Debug|ARM
		{41F543DC-B5A6-4ECA-B65C-09C97B1340BA}.Debug|ARM64.ActiveCfg = Debug|ARM64
		{41F543DC-B5A6-4ECA-B65C-09C97B1340BA}.Debug|ARM64.Build.0 = Debug|ARM64
		{41F543DC-B5A6-4ECA-B65C-09C97B1340BA}.Debug|ARM64.Deploy.0 = Debug|ARM64
		{41F543DC-B5A6-4ECA-B65C-09C97B1340BA}.Debug|x64.ActiveCfg = Debug|x64
		{41F543DC-B5A6-4ECA-B65C-09C97B1340BA}.Debug|x64.Build.0 = Debug|x64
		{41F543DC-B5A6-4ECA-B65C-09C97B1340BA}.Debug|x64.Deploy.0 = Debug|x64
		{41F543DC-B5A6-4ECA-B65C-09C97B1340BA}.Debug|x86.ActiveCfg = Debug|x86
		{41F543DC-B5A6-4ECA-B65C-09C97B1340BA}.Debug|x86.Build.0 = Debug|x86
		{41F543DC-B5A6-4ECA-B65C-09C97B1340BA}.Debug|x86.Deploy.0 = Debug|x86
		{41F543DC-B5A6-4ECA-B65C-09C97B1340BA}.Release|ARM.ActiveCfg = Release|ARM
		{41F543DC-B5A6-4ECA-B65C-09C97B1340BA}.Release|ARM.Build.0 = Release|ARM
		{41F543DC-B5A6-4ECA-B65C-09C97B1340BA}.Release|ARM.Deploy.0 = Release|ARM
		{41F543DC-B5A6-4ECA-B65C-09C97B1340BA}.Release|ARM64.ActiveCfg = Release|ARM64
		{41F543DC-B5A6-4ECA-B65C-09C97B1340BA}.Release|ARM64.Build.0 = Release|ARM64
		{41F543DC-B5A6-4ECA-B65C-09C97B1340BA}.Release|ARM64.Deploy.0 = Release|ARM64
		{41F543DC-B5A6-4ECA-B65C-09C97B1340BA}.Release|x64.ActiveCfg = Release|x64
		{41F543DC-B5A6-4ECA-B65C-09C97B1340BA}.Release|x64.Build.0 = Release|x64
		{41F543DC-B5A6-4ECA-B65C-09C97B1340BA}.Release|x64.Deploy.0 = Release|x64
		{41F543DC-B5A6-4ECA-B65C-09C97B1340BA}.Release|x86.ActiveCfg = Release|x86
		{41F543DC-B5A6-4ECA-B65C-09C97B1340BA}.Release|x86.Build.0 = Release|x86
		{41F543DC-B5A6-4ECA-B65C-09C97B1340BA}.Release|x86.Deploy.0 = Release|x86
		{30D37933-77CE-4AE4-8B72-995FDCD1F0E7}.Debug|ARM.ActiveCfg = Debug|ARM
		{30D37933-77CE-4AE4-8B72-995FDCD1F0E7}.Debug|ARM.Build.0 = Debug|ARM
		{30D37933-77CE-4AE4-8B72-995FDCD1F0E7}.Debug|ARM64.ActiveCfg = Debug|ARM64
		{30D37933-77CE-4AE4-8B72-995FDCD1F0E7}.Debug|ARM64.Build.0 = Debug|ARM64
		{30D37933-77CE-4AE4-8B72-995FDCD1F0E7}.Debug|x64.ActiveCfg = Debug|x64
		{30D37933-77CE-4AE4-8B72-995FDCD1F0E7}.Debug|x64.Build.0 = Debug|x64
		{30D37933-77CE-4AE4-8B72-995FDCD1F0E7}.Debug|x86.ActiveCfg = Debug|x86
		{30D37933-77CE-4AE4-8B72-995FDCD1F0E7}.Debug|x86.Build.0 = Debug|x86
		{30D37933-77CE-4AE4-8B72-995FDCD1F0E7}.Release|ARM.ActiveCfg = Release|ARM
		{30D37933-77CE-4AE4-8B72-995FDCD1F0E7}.Release|ARM.Build.0 = Release|ARM
		{30D37933-77CE-4AE4-8B72-995FDCD1F0E7}.Release|ARM64.ActiveCfg = Release|ARM64
		{30D37933-77CE-4AE4-8B72-995FDCD1F0E7}.Release|ARM64.Build.0 = Release|ARM64
		{30D37933-77CE-4AE4-8B72-995FDCD1F0E7}.Release|x64.ActiveCfg = Release|x64
		{30D37933-77CE-4AE4-8B72-995FDCD1F0E7}.Release|x64.Build.0 = Release|x64
		{30D37933-77CE-4AE4-8B72-995FDCD1F0E7}.Release|x86.ActiveCfg = Release|x86
		{30D37933-77CE-4AE4-8B72-995FDCD1F0E7}.Release|x86.Build.0 = Release|x86
		{37683B35-EF09-4E5F-8C86-56BDA6BAA822}.Debug|ARM.ActiveCfg = Debug|ARM
		{37683B35-EF09-4E5F-8C86-56BDA6BAA822}.Debug|ARM.Build.0 = Debug|ARM
		{37683B35-EF09-4E5F-8C86-56BDA6BAA822}.Debug|ARM64.ActiveCfg = Debug|ARM64
		{37683B35-EF09-4E5F-8C86-56BDA6BAA822}.Debug|ARM64.Build.0 = Debug|ARM64
		{37683B35-EF09-4E5F-8C86-56BDA6BAA822}.Debug|x64.ActiveCfg = Debug|x64
		{37683B35-EF09-4E5F-8C86-56BDA6BAA822}.Debug|x64.Build.0 = Debug|x64
		{37683B35-EF09-4E5F-8C86-56BDA6BAA822}.Debug|x86.ActiveCfg = Debug|x86
		{37683B35-EF09-4E5F-8C86-56BDA6BAA822}.Debug|x86.Build.0 = Debug|x86
		{37683B35-EF09-4E5F-8C86-56BDA6BAA822}.Release|ARM.ActiveCfg = Release|ARM
		{37683B35-EF09-4E5F-8C86-56BDA6BAA822}.Release|ARM.Build.0 = Release|ARM
		{37683B35-EF09-4E5F-8C86-56BDA6BAA822}.Release|ARM64.ActiveCfg = Release|ARM64
		{37683B35-EF09-4E5F-8C86-56BDA6BAA822}.Release|ARM64.Build.0 = Release|ARM64
		{37683B35-EF09-4E5F-8C86-56BDA6BAA822}.Release|x64.ActiveCfg = Release|x64
		{37683B35-EF09-4E5F-8C86-56BDA6BAA822}.Release|x64.Build.0 = Release|x64
		{37683B35-EF09-4E5F-8C86-56BDA6BAA822}.Release|x86.ActiveCfg = Release|x86
		{37683B35-EF09-4E5F-8C86-56BDA6BAA822}.Release|x86.Build.0 = Release|x86
	EndGlobalSection
	GlobalSection(SolutionProperties) = preSolution
		HideSolutionNode = FALSE
	EndGlobalSection
	GlobalSection(NestedProjects) = preSolution
		{AB002BBD-159B-4F40-98A7-DACE7FF96CC0} = {9B583824-099A-45A3-930F-04CD5F524FB6}
		{41F543DC-B5A6-4ECA-B65C-09C97B1340BA} = {9B583824-099A-45A3-930F-04CD5F524FB6}
		{CBFB0E2F-FB11-4A11-B3F8-59D5428236C8} = {9B583824-099A-45A3-930F-04CD5F524FB6}
		{A9445573-8F38-4DD8-B806-7696F41DF59A} = {CBFB0E2F-FB11-4A11-B3F8-59D5428236C8}
		{30D37933-77CE-4AE4-8B72-995FDCD1F0E7} = {CBFB0E2F-FB11-4A11-B3F8-59D5428236C8}
		{37683B35-EF09-4E5F-8C86-56BDA6BAA822} = {CBFB0E2F-FB11-4A11-B3F8-59D5428236C8}
	EndGlobalSection
	GlobalSection(ExtensibilityGlobals) = postSolution
		SolutionGuid = {60B18064-EEE7-408B-B9AC-22D627F5514E}
	EndGlobalSection
EndGlobal
