<?xml version="1.0" encoding="utf-8"?>
<Project ToolsVersion="4.0" xmlns="http://schemas.microsoft.com/developer/msbuild/2003">
  <ItemGroup>
    <ClCompile Include="$(MSBuildThisFileDirectory)..\OpenGLESApp2.Android.NativeActivity\CubeTest.c" />
    <ClCompile Include="$(MSBuildThisFileDirectory)..\OpenGLESApp2.Android.NativeActivity\Cube_Test_Interface.c" />
    <ClCompile Include="$(MSBuildThisFileDirectory)IFEngine.c" />
  </ItemGroup>
  <ItemGroup>
    <ClInclude Include="$(MSBuildThisFileDirectory)..\OpenGLESApp2.Android.NativeActivity\CubeTest.h" />
    <ClInclude Include="$(MSBuildThisFileDirectory)..\OpenGLESApp2.Android.NativeActivity\Cube_Test_Interface.h" />
    <ClInclude Include="$(MSBuildThisFileDirectory)IFEngine.h" />
    <ClInclude Include="$(MSBuildThisFileDirectory)common\External\libpng-libpng16\png.h" />
    <ClInclude Include="$(MSBuildThisFileDirectory)IFBox2DAdapter.h" />
  </ItemGroup>
</Project>