<?xml version="1.0" encoding="utf-8"?>
<Project ToolsVersion="4.0" xmlns="http://schemas.microsoft.com/developer/msbuild/2003">
  <ItemGroup>
    <ClCompile Include="$(MSBuildThisFileDirectory)IFEngine.c" />
    <ClCompile Include="$(MSBuildThisFileDirectory)DrawText.cpp" />
    <ClCompile Include="$(MSBuildThisFileDirectory)IFEUtils.cpp" />
    <ClCompile Include="$(MSBuildThisFileDirectory)common\External\lodepng-master\lodepng.cpp">
      <Filter>External</Filter>
    </ClCompile>
    <ClCompile Include="$(MSBuildThisFileDirectory)IFBox2DAdapter.cpp" />
    <ClCompile Include="$(MSBuildThisFileDirectory)IFGameEditor.cpp" />
    <ClCompile Include="$(MSBuildThisFileDirectory)..\OpenGLESApp2.Android.NativeActivity\IFGlobals.c" />
    <ClCompile Include="$(MSBuildThisFileDirectory)IFFANN.c" />
    <ClCompile Include="$(MSBuildThisFileDirectory)IFFANNEngine.cpp" />
    <ClCompile Include="$(MSBuildThisFileDirectory)IF_General_Utils.cpp" />
    <ClCompile Include="$(MSBuildThisFileDirectory)MainProgram.cpp" />
  </ItemGroup>
  <ItemGroup>
    <ClInclude Include="$(MSBuildThisFileDirectory)IFEngine.h" />
    <ClInclude Include="$(MSBuildThisFileDirectory)common\External\libpng-libpng16\png.h" />
    <ClInclude Include="$(MSBuildThisFileDirectory)IFBox2DAdapter.h" />
    <ClInclude Include="$(MSBuildThisFileDirectory)DrawText.h" />
    <ClInclude Include="$(MSBuildThisFileDirectory)common\External\freetype2\include\ft2build.h">
      <Filter>External</Filter>
    </ClInclude>
    <ClInclude Include="$(MSBuildThisFileDirectory)IFEUtils.h" />
    <ClInclude Include="$(MSBuildThisFileDirectory)common\External\bitmap\bitmap_image.hpp">
      <Filter>External</Filter>
    </ClInclude>
    <ClInclude Include="$(MSBuildThisFileDirectory)common\External\lodepng-master\lodepng.h">
      <Filter>External</Filter>
    </ClInclude>
    <ClInclude Include="$(MSBuildThisFileDirectory)common\External\Box2D-master\Box2D\Box2D\Box2D.h">
      <Filter>External</Filter>
    </ClInclude>
    <ClInclude Include="$(MSBuildThisFileDirectory)IFGameEditor.h" />
    <ClInclude Include="$(MSBuildThisFileDirectory)..\OpenGLESApp2.Android.NativeActivity\IFGlobals.h" />
    <ClInclude Include="$(MSBuildThisFileDirectory)common\External\fann-master\src\include\fann.h">
      <Filter>External</Filter>
    </ClInclude>
    <ClInclude Include="$(MSBuildThisFileDirectory)IFFANN.h" />
    <ClInclude Include="$(MSBuildThisFileDirectory)IFFANNEngine.h" />
    <ClInclude Include="$(MSBuildThisFileDirectory)IF_General_Utils.h" />
    <ClInclude Include="$(MSBuildThisFileDirectory)MainProgram.h" />
  </ItemGroup>
  <ItemGroup>
    <Filter Include="External">
      <UniqueIdentifier>{d7ef833a-0b64-43af-97d9-5e5b39724347}</UniqueIdentifier>
    </Filter>
  </ItemGroup>
</Project>